// !$*UTF8*$!
{
	archiveVersion = 1;
	classes = {
	};
	objectVersion = 46;
	objects = {

/* Begin PBXBuildFile section */
		547221C96829E6F537FCE2FE /* Pods_twitter_alamofire_demoUITests.framework in Frameworks */ = {isa = PBXBuildFile; fileRef = 3FCA05DC47A45B9943F23F5F /* Pods_twitter_alamofire_demoUITests.framework */; };
		6C028F67F4B75B9CE911AB20 /* Pods_twitter_alamofire_demo.framework in Frameworks */ = {isa = PBXBuildFile; fileRef = 001F2EB27736B82E6AF0082B /* Pods_twitter_alamofire_demo.framework */; };
		ED1AFD311E942B2500FD4B90 /* AppDelegate.swift in Sources */ = {isa = PBXBuildFile; fileRef = ED1AFD301E942B2500FD4B90 /* AppDelegate.swift */; };
		ED1AFD361E942B2500FD4B90 /* Main.storyboard in Resources */ = {isa = PBXBuildFile; fileRef = ED1AFD341E942B2500FD4B90 /* Main.storyboard */; };
		ED1AFD381E942B2500FD4B90 /* Assets.xcassets in Resources */ = {isa = PBXBuildFile; fileRef = ED1AFD371E942B2500FD4B90 /* Assets.xcassets */; };
		ED1AFD3B1E942B2500FD4B90 /* LaunchScreen.storyboard in Resources */ = {isa = PBXBuildFile; fileRef = ED1AFD391E942B2500FD4B90 /* LaunchScreen.storyboard */; };
		ED1AFD461E942B2500FD4B90 /* twitter_alamofire_demoTests.swift in Sources */ = {isa = PBXBuildFile; fileRef = ED1AFD451E942B2500FD4B90 /* twitter_alamofire_demoTests.swift */; };
		ED1AFD511E942B2500FD4B90 /* twitter_alamofire_demoUITests.swift in Sources */ = {isa = PBXBuildFile; fileRef = ED1AFD501E942B2500FD4B90 /* twitter_alamofire_demoUITests.swift */; };
		ED1AFD5F1E94421000FD4B90 /* APIManager.swift in Sources */ = {isa = PBXBuildFile; fileRef = ED1AFD5E1E94421000FD4B90 /* APIManager.swift */; };
		ED1AFD611E94496E00FD4B90 /* LoginViewController.swift in Sources */ = {isa = PBXBuildFile; fileRef = ED1AFD601E94496E00FD4B90 /* LoginViewController.swift */; };
		ED1D23461EF63C1D00C51ACC /* User.swift in Sources */ = {isa = PBXBuildFile; fileRef = ED1D23451EF63C1D00C51ACC /* User.swift */; };
		ED1D23481EF6E37700C51ACC /* Tweet.swift in Sources */ = {isa = PBXBuildFile; fileRef = ED1D23471EF6E37700C51ACC /* Tweet.swift */; };
		ED1D234C1EF6E42900C51ACC /* TimelineViewController.swift in Sources */ = {isa = PBXBuildFile; fileRef = ED1D234B1EF6E42900C51ACC /* TimelineViewController.swift */; };
		ED1D234E1EF71C4B00C51ACC /* TweetCell.swift in Sources */ = {isa = PBXBuildFile; fileRef = ED1D234D1EF71C4B00C51ACC /* TweetCell.swift */; };
		FF16E4C4F0649331033658F3 /* Pods_twitter_alamofire_demoTests.framework in Frameworks */ = {isa = PBXBuildFile; fileRef = AFBE91109514C5BA32FE14C3 /* Pods_twitter_alamofire_demoTests.framework */; };
/* End PBXBuildFile section */

/* Begin PBXContainerItemProxy section */
		ED1AFD421E942B2500FD4B90 /* PBXContainerItemProxy */ = {
			isa = PBXContainerItemProxy;
			containerPortal = ED1AFD251E942B2500FD4B90 /* Project object */;
			proxyType = 1;
			remoteGlobalIDString = ED1AFD2C1E942B2500FD4B90;
			remoteInfo = twitter_alamofire_demo;
		};
		ED1AFD4D1E942B2500FD4B90 /* PBXContainerItemProxy */ = {
			isa = PBXContainerItemProxy;
			containerPortal = ED1AFD251E942B2500FD4B90 /* Project object */;
			proxyType = 1;
			remoteGlobalIDString = ED1AFD2C1E942B2500FD4B90;
			remoteInfo = twitter_alamofire_demo;
		};
/* End PBXContainerItemProxy section */

/* Begin PBXFileReference section */
		001F2EB27736B82E6AF0082B /* Pods_twitter_alamofire_demo.framework */ = {isa = PBXFileReference; explicitFileType = wrapper.framework; includeInIndex = 0; path = Pods_twitter_alamofire_demo.framework; sourceTree = BUILT_PRODUCTS_DIR; };
		3FCA05DC47A45B9943F23F5F /* Pods_twitter_alamofire_demoUITests.framework */ = {isa = PBXFileReference; explicitFileType = wrapper.framework; includeInIndex = 0; path = Pods_twitter_alamofire_demoUITests.framework; sourceTree = BUILT_PRODUCTS_DIR; };
		434659329CA4ED45495F750D /* Pods-twitter_alamofire_demo.debug.xcconfig */ = {isa = PBXFileReference; includeInIndex = 1; lastKnownFileType = text.xcconfig; name = "Pods-twitter_alamofire_demo.debug.xcconfig"; path = "Pods/Target Support Files/Pods-twitter_alamofire_demo/Pods-twitter_alamofire_demo.debug.xcconfig"; sourceTree = "<group>"; };
		4DFA54CBFE40EC0C9E20906F /* Pods-twitter_alamofire_demoTests.debug.xcconfig */ = {isa = PBXFileReference; includeInIndex = 1; lastKnownFileType = text.xcconfig; name = "Pods-twitter_alamofire_demoTests.debug.xcconfig"; path = "Pods/Target Support Files/Pods-twitter_alamofire_demoTests/Pods-twitter_alamofire_demoTests.debug.xcconfig"; sourceTree = "<group>"; };
		55D629C137D93399CE6DE905 /* Pods-twitter_alamofire_demo.release.xcconfig */ = {isa = PBXFileReference; includeInIndex = 1; lastKnownFileType = text.xcconfig; name = "Pods-twitter_alamofire_demo.release.xcconfig"; path = "Pods/Target Support Files/Pods-twitter_alamofire_demo/Pods-twitter_alamofire_demo.release.xcconfig"; sourceTree = "<group>"; };
		A0274E4BBA7E3A768A46223E /* Pods-twitter_alamofire_demoTests.release.xcconfig */ = {isa = PBXFileReference; includeInIndex = 1; lastKnownFileType = text.xcconfig; name = "Pods-twitter_alamofire_demoTests.release.xcconfig"; path = "Pods/Target Support Files/Pods-twitter_alamofire_demoTests/Pods-twitter_alamofire_demoTests.release.xcconfig"; sourceTree = "<group>"; };
		AA8B2B7251F8A233C7185620 /* Pods-twitter_alamofire_demoUITests.debug.xcconfig */ = {isa = PBXFileReference; includeInIndex = 1; lastKnownFileType = text.xcconfig; name = "Pods-twitter_alamofire_demoUITests.debug.xcconfig"; path = "Pods/Target Support Files/Pods-twitter_alamofire_demoUITests/Pods-twitter_alamofire_demoUITests.debug.xcconfig"; sourceTree = "<group>"; };
		AFBE91109514C5BA32FE14C3 /* Pods_twitter_alamofire_demoTests.framework */ = {isa = PBXFileReference; explicitFileType = wrapper.framework; includeInIndex = 0; path = Pods_twitter_alamofire_demoTests.framework; sourceTree = BUILT_PRODUCTS_DIR; };
		ED1AFD2D1E942B2500FD4B90 /* twitter_alamofire_demo.app */ = {isa = PBXFileReference; explicitFileType = wrapper.application; includeInIndex = 0; path = twitter_alamofire_demo.app; sourceTree = BUILT_PRODUCTS_DIR; };
		ED1AFD301E942B2500FD4B90 /* AppDelegate.swift */ = {isa = PBXFileReference; lastKnownFileType = sourcecode.swift; path = AppDelegate.swift; sourceTree = "<group>"; };
		ED1AFD351E942B2500FD4B90 /* Base */ = {isa = PBXFileReference; lastKnownFileType = file.storyboard; name = Base; path = Base.lproj/Main.storyboard; sourceTree = "<group>"; };
		ED1AFD371E942B2500FD4B90 /* Assets.xcassets */ = {isa = PBXFileReference; lastKnownFileType = folder.assetcatalog; path = Assets.xcassets; sourceTree = "<group>"; };
		ED1AFD3A1E942B2500FD4B90 /* Base */ = {isa = PBXFileReference; lastKnownFileType = file.storyboard; name = Base; path = Base.lproj/LaunchScreen.storyboard; sourceTree = "<group>"; };
		ED1AFD3C1E942B2500FD4B90 /* Info.plist */ = {isa = PBXFileReference; lastKnownFileType = text.plist.xml; path = Info.plist; sourceTree = "<group>"; };
		ED1AFD411E942B2500FD4B90 /* twitter_alamofire_demoTests.xctest */ = {isa = PBXFileReference; explicitFileType = wrapper.cfbundle; includeInIndex = 0; path = twitter_alamofire_demoTests.xctest; sourceTree = BUILT_PRODUCTS_DIR; };
		ED1AFD451E942B2500FD4B90 /* twitter_alamofire_demoTests.swift */ = {isa = PBXFileReference; lastKnownFileType = sourcecode.swift; path = twitter_alamofire_demoTests.swift; sourceTree = "<group>"; };
		ED1AFD471E942B2500FD4B90 /* Info.plist */ = {isa = PBXFileReference; lastKnownFileType = text.plist.xml; path = Info.plist; sourceTree = "<group>"; };
		ED1AFD4C1E942B2500FD4B90 /* twitter_alamofire_demoUITests.xctest */ = {isa = PBXFileReference; explicitFileType = wrapper.cfbundle; includeInIndex = 0; path = twitter_alamofire_demoUITests.xctest; sourceTree = BUILT_PRODUCTS_DIR; };
		ED1AFD501E942B2500FD4B90 /* twitter_alamofire_demoUITests.swift */ = {isa = PBXFileReference; lastKnownFileType = sourcecode.swift; path = twitter_alamofire_demoUITests.swift; sourceTree = "<group>"; };
		ED1AFD521E942B2500FD4B90 /* Info.plist */ = {isa = PBXFileReference; lastKnownFileType = text.plist.xml; path = Info.plist; sourceTree = "<group>"; };
		ED1AFD5E1E94421000FD4B90 /* APIManager.swift */ = {isa = PBXFileReference; fileEncoding = 4; lastKnownFileType = sourcecode.swift; path = APIManager.swift; sourceTree = "<group>"; };
		ED1AFD601E94496E00FD4B90 /* LoginViewController.swift */ = {isa = PBXFileReference; fileEncoding = 4; lastKnownFileType = sourcecode.swift; path = LoginViewController.swift; sourceTree = "<group>"; };
		ED1D23451EF63C1D00C51ACC /* User.swift */ = {isa = PBXFileReference; fileEncoding = 4; lastKnownFileType = sourcecode.swift; path = User.swift; sourceTree = "<group>"; };
		ED1D23471EF6E37700C51ACC /* Tweet.swift */ = {isa = PBXFileReference; fileEncoding = 4; lastKnownFileType = sourcecode.swift; path = Tweet.swift; sourceTree = "<group>"; };
		ED1D234B1EF6E42900C51ACC /* TimelineViewController.swift */ = {isa = PBXFileReference; fileEncoding = 4; lastKnownFileType = sourcecode.swift; path = TimelineViewController.swift; sourceTree = "<group>"; };
		ED1D234D1EF71C4B00C51ACC /* TweetCell.swift */ = {isa = PBXFileReference; fileEncoding = 4; lastKnownFileType = sourcecode.swift; path = TweetCell.swift; sourceTree = "<group>"; };
		EDC4B7361E98627100D836AC /* twitter_alamofire_demo.entitlements */ = {isa = PBXFileReference; lastKnownFileType = text.plist.entitlements; path = twitter_alamofire_demo.entitlements; sourceTree = "<group>"; };
		F5DCE3E00CF8A60FA5C32798 /* Pods-twitter_alamofire_demoUITests.release.xcconfig */ = {isa = PBXFileReference; includeInIndex = 1; lastKnownFileType = text.xcconfig; name = "Pods-twitter_alamofire_demoUITests.release.xcconfig"; path = "Pods/Target Support Files/Pods-twitter_alamofire_demoUITests/Pods-twitter_alamofire_demoUITests.release.xcconfig"; sourceTree = "<group>"; };
/* End PBXFileReference section */

/* Begin PBXFrameworksBuildPhase section */
		ED1AFD2A1E942B2500FD4B90 /* Frameworks */ = {
			isa = PBXFrameworksBuildPhase;
			buildActionMask = 2147483647;
			files = (
				6C028F67F4B75B9CE911AB20 /* Pods_twitter_alamofire_demo.framework in Frameworks */,
			);
			runOnlyForDeploymentPostprocessing = 0;
		};
		ED1AFD3E1E942B2500FD4B90 /* Frameworks */ = {
			isa = PBXFrameworksBuildPhase;
			buildActionMask = 2147483647;
			files = (
				FF16E4C4F0649331033658F3 /* Pods_twitter_alamofire_demoTests.framework in Frameworks */,
			);
			runOnlyForDeploymentPostprocessing = 0;
		};
		ED1AFD491E942B2500FD4B90 /* Frameworks */ = {
			isa = PBXFrameworksBuildPhase;
			buildActionMask = 2147483647;
			files = (
				547221C96829E6F537FCE2FE /* Pods_twitter_alamofire_demoUITests.framework in Frameworks */,
			);
			runOnlyForDeploymentPostprocessing = 0;
		};
/* End PBXFrameworksBuildPhase section */

/* Begin PBXGroup section */
		A7EAFA57FA35C74D37A8766E /* Frameworks */ = {
			isa = PBXGroup;
			children = (
				001F2EB27736B82E6AF0082B /* Pods_twitter_alamofire_demo.framework */,
				AFBE91109514C5BA32FE14C3 /* Pods_twitter_alamofire_demoTests.framework */,
				3FCA05DC47A45B9943F23F5F /* Pods_twitter_alamofire_demoUITests.framework */,
			);
			name = Frameworks;
			sourceTree = "<group>";
		};
		AE22950C741732F45CFF3E1B /* Pods */ = {
			isa = PBXGroup;
			children = (
				434659329CA4ED45495F750D /* Pods-twitter_alamofire_demo.debug.xcconfig */,
				55D629C137D93399CE6DE905 /* Pods-twitter_alamofire_demo.release.xcconfig */,
				4DFA54CBFE40EC0C9E20906F /* Pods-twitter_alamofire_demoTests.debug.xcconfig */,
				A0274E4BBA7E3A768A46223E /* Pods-twitter_alamofire_demoTests.release.xcconfig */,
				AA8B2B7251F8A233C7185620 /* Pods-twitter_alamofire_demoUITests.debug.xcconfig */,
				F5DCE3E00CF8A60FA5C32798 /* Pods-twitter_alamofire_demoUITests.release.xcconfig */,
			);
			name = Pods;
			sourceTree = "<group>";
		};
		ED1AFD241E942B2500FD4B90 = {
			isa = PBXGroup;
			children = (
				ED1AFD2F1E942B2500FD4B90 /* twitter_alamofire_demo */,
				ED1AFD441E942B2500FD4B90 /* twitter_alamofire_demoTests */,
				ED1AFD4F1E942B2500FD4B90 /* twitter_alamofire_demoUITests */,
				ED1AFD2E1E942B2500FD4B90 /* Products */,
				AE22950C741732F45CFF3E1B /* Pods */,
				A7EAFA57FA35C74D37A8766E /* Frameworks */,
			);
			sourceTree = "<group>";
		};
		ED1AFD2E1E942B2500FD4B90 /* Products */ = {
			isa = PBXGroup;
			children = (
				ED1AFD2D1E942B2500FD4B90 /* twitter_alamofire_demo.app */,
				ED1AFD411E942B2500FD4B90 /* twitter_alamofire_demoTests.xctest */,
				ED1AFD4C1E942B2500FD4B90 /* twitter_alamofire_demoUITests.xctest */,
			);
			name = Products;
			sourceTree = "<group>";
		};
		ED1AFD2F1E942B2500FD4B90 /* twitter_alamofire_demo */ = {
			isa = PBXGroup;
			children = (
				ED1AFD341E942B2500FD4B90 /* Main.storyboard */,
				ED1D23501EF7650B00C51ACC /* API */,
				ED1D23491EF6E38100C51ACC /* Models */,
				ED1D234F1EF71C5100C51ACC /* Views */,
				ED1D234A1EF6E3B800C51ACC /* View Controllers */,
				EDC4B7361E98627100D836AC /* twitter_alamofire_demo.entitlements */,
				ED1AFD301E942B2500FD4B90 /* AppDelegate.swift */,
				ED1AFD371E942B2500FD4B90 /* Assets.xcassets */,
				ED1AFD391E942B2500FD4B90 /* LaunchScreen.storyboard */,
				ED1AFD3C1E942B2500FD4B90 /* Info.plist */,
			);
			path = twitter_alamofire_demo;
			sourceTree = "<group>";
		};
		ED1AFD441E942B2500FD4B90 /* twitter_alamofire_demoTests */ = {
			isa = PBXGroup;
			children = (
				ED1AFD451E942B2500FD4B90 /* twitter_alamofire_demoTests.swift */,
				ED1AFD471E942B2500FD4B90 /* Info.plist */,
			);
			path = twitter_alamofire_demoTests;
			sourceTree = "<group>";
		};
		ED1AFD4F1E942B2500FD4B90 /* twitter_alamofire_demoUITests */ = {
			isa = PBXGroup;
			children = (
				ED1AFD501E942B2500FD4B90 /* twitter_alamofire_demoUITests.swift */,
				ED1AFD521E942B2500FD4B90 /* Info.plist */,
			);
			path = twitter_alamofire_demoUITests;
			sourceTree = "<group>";
		};
		ED1D23491EF6E38100C51ACC /* Models */ = {
			isa = PBXGroup;
			children = (
				ED1D23451EF63C1D00C51ACC /* User.swift */,
				ED1D23471EF6E37700C51ACC /* Tweet.swift */,
			);
			name = Models;
			sourceTree = "<group>";
		};
		ED1D234A1EF6E3B800C51ACC /* View Controllers */ = {
			isa = PBXGroup;
			children = (
				ED1AFD601E94496E00FD4B90 /* LoginViewController.swift */,
				ED1D234B1EF6E42900C51ACC /* TimelineViewController.swift */,
			);
			name = "View Controllers";
			sourceTree = "<group>";
		};
		ED1D234F1EF71C5100C51ACC /* Views */ = {
			isa = PBXGroup;
			children = (
				ED1D234D1EF71C4B00C51ACC /* TweetCell.swift */,
			);
			name = Views;
			sourceTree = "<group>";
		};
		ED1D23501EF7650B00C51ACC /* API */ = {
			isa = PBXGroup;
			children = (
				ED1AFD5E1E94421000FD4B90 /* APIManager.swift */,
			);
			name = API;
			sourceTree = "<group>";
		};
/* End PBXGroup section */

/* Begin PBXNativeTarget section */
		ED1AFD2C1E942B2500FD4B90 /* twitter_alamofire_demo */ = {
			isa = PBXNativeTarget;
			buildConfigurationList = ED1AFD551E942B2500FD4B90 /* Build configuration list for PBXNativeTarget "twitter_alamofire_demo" */;
			buildPhases = (
				5C4A3CEE1918456EBE336A5E /* [CP] Check Pods Manifest.lock */,
				ED1AFD291E942B2500FD4B90 /* Sources */,
				ED1AFD2A1E942B2500FD4B90 /* Frameworks */,
				ED1AFD2B1E942B2500FD4B90 /* Resources */,
				EFABDEB238D312BBD2FC49B8 /* [CP] Embed Pods Frameworks */,
				1AD42F8148E97BF87B55B826 /* [CP] Copy Pods Resources */,
			);
			buildRules = (
			);
			dependencies = (
			);
			name = twitter_alamofire_demo;
			productName = twitter_alamofire_demo;
			productReference = ED1AFD2D1E942B2500FD4B90 /* twitter_alamofire_demo.app */;
			productType = "com.apple.product-type.application";
		};
		ED1AFD401E942B2500FD4B90 /* twitter_alamofire_demoTests */ = {
			isa = PBXNativeTarget;
			buildConfigurationList = ED1AFD581E942B2500FD4B90 /* Build configuration list for PBXNativeTarget "twitter_alamofire_demoTests" */;
			buildPhases = (
				01C0654038116EE22955C0D0 /* [CP] Check Pods Manifest.lock */,
				ED1AFD3D1E942B2500FD4B90 /* Sources */,
				ED1AFD3E1E942B2500FD4B90 /* Frameworks */,
				ED1AFD3F1E942B2500FD4B90 /* Resources */,
				200D01AC1DC970353ABDC649 /* [CP] Embed Pods Frameworks */,
				442077332C405000BF9F081F /* [CP] Copy Pods Resources */,
			);
			buildRules = (
			);
			dependencies = (
				ED1AFD431E942B2500FD4B90 /* PBXTargetDependency */,
			);
			name = twitter_alamofire_demoTests;
			productName = twitter_alamofire_demoTests;
			productReference = ED1AFD411E942B2500FD4B90 /* twitter_alamofire_demoTests.xctest */;
			productType = "com.apple.product-type.bundle.unit-test";
		};
		ED1AFD4B1E942B2500FD4B90 /* twitter_alamofire_demoUITests */ = {
			isa = PBXNativeTarget;
			buildConfigurationList = ED1AFD5B1E942B2500FD4B90 /* Build configuration list for PBXNativeTarget "twitter_alamofire_demoUITests" */;
			buildPhases = (
				7022D4CCEFBD1FE1F7645438 /* [CP] Check Pods Manifest.lock */,
				ED1AFD481E942B2500FD4B90 /* Sources */,
				ED1AFD491E942B2500FD4B90 /* Frameworks */,
				ED1AFD4A1E942B2500FD4B90 /* Resources */,
				08A0276EE8AF7CDCC6E754D3 /* [CP] Embed Pods Frameworks */,
				EA162E987D837BDF5DC5369F /* [CP] Copy Pods Resources */,
			);
			buildRules = (
			);
			dependencies = (
				ED1AFD4E1E942B2500FD4B90 /* PBXTargetDependency */,
			);
			name = twitter_alamofire_demoUITests;
			productName = twitter_alamofire_demoUITests;
			productReference = ED1AFD4C1E942B2500FD4B90 /* twitter_alamofire_demoUITests.xctest */;
			productType = "com.apple.product-type.bundle.ui-testing";
		};
/* End PBXNativeTarget section */

/* Begin PBXProject section */
		ED1AFD251E942B2500FD4B90 /* Project object */ = {
			isa = PBXProject;
			attributes = {
				LastSwiftUpdateCheck = 0830;
				LastUpgradeCheck = 0830;
				ORGANIZATIONNAME = "Charles Hieger";
				TargetAttributes = {
					ED1AFD2C1E942B2500FD4B90 = {
						CreatedOnToolsVersion = 8.3;
						DevelopmentTeam = CBXAQN69JX;
						ProvisioningStyle = Automatic;
						SystemCapabilities = {
							com.apple.Keychain = {
								enabled = 1;
							};
						};
					};
					ED1AFD401E942B2500FD4B90 = {
						CreatedOnToolsVersion = 8.3;
						DevelopmentTeam = CBXAQN69JX;
						ProvisioningStyle = Automatic;
						TestTargetID = ED1AFD2C1E942B2500FD4B90;
					};
					ED1AFD4B1E942B2500FD4B90 = {
						CreatedOnToolsVersion = 8.3;
						DevelopmentTeam = CBXAQN69JX;
						ProvisioningStyle = Automatic;
						TestTargetID = ED1AFD2C1E942B2500FD4B90;
					};
				};
			};
			buildConfigurationList = ED1AFD281E942B2500FD4B90 /* Build configuration list for PBXProject "twitter_alamofire_demo" */;
			compatibilityVersion = "Xcode 3.2";
			developmentRegion = English;
			hasScannedForEncodings = 0;
			knownRegions = (
				en,
				Base,
			);
			mainGroup = ED1AFD241E942B2500FD4B90;
			productRefGroup = ED1AFD2E1E942B2500FD4B90 /* Products */;
			projectDirPath = "";
			projectRoot = "";
			targets = (
				ED1AFD2C1E942B2500FD4B90 /* twitter_alamofire_demo */,
				ED1AFD401E942B2500FD4B90 /* twitter_alamofire_demoTests */,
				ED1AFD4B1E942B2500FD4B90 /* twitter_alamofire_demoUITests */,
			);
		};
/* End PBXProject section */

/* Begin PBXResourcesBuildPhase section */
		ED1AFD2B1E942B2500FD4B90 /* Resources */ = {
			isa = PBXResourcesBuildPhase;
			buildActionMask = 2147483647;
			files = (
				ED1AFD3B1E942B2500FD4B90 /* LaunchScreen.storyboard in Resources */,
				ED1AFD381E942B2500FD4B90 /* Assets.xcassets in Resources */,
				ED1AFD361E942B2500FD4B90 /* Main.storyboard in Resources */,
			);
			runOnlyForDeploymentPostprocessing = 0;
		};
		ED1AFD3F1E942B2500FD4B90 /* Resources */ = {
			isa = PBXResourcesBuildPhase;
			buildActionMask = 2147483647;
			files = (
			);
			runOnlyForDeploymentPostprocessing = 0;
		};
		ED1AFD4A1E942B2500FD4B90 /* Resources */ = {
			isa = PBXResourcesBuildPhase;
			buildActionMask = 2147483647;
			files = (
			);
			runOnlyForDeploymentPostprocessing = 0;
		};
/* End PBXResourcesBuildPhase section */

/* Begin PBXShellScriptBuildPhase section */
		01C0654038116EE22955C0D0 /* [CP] Check Pods Manifest.lock */ = {
			isa = PBXShellScriptBuildPhase;
			buildActionMask = 2147483647;
			files = (
			);
			inputPaths = (
			);
			name = "[CP] Check Pods Manifest.lock";
			outputPaths = (
			);
			runOnlyForDeploymentPostprocessing = 0;
			shellPath = /bin/sh;
			shellScript = "diff \"${PODS_ROOT}/../Podfile.lock\" \"${PODS_ROOT}/Manifest.lock\" > /dev/null\nif [ $? != 0 ] ; then\n    # print error to STDERR\n    echo \"error: The sandbox is not in sync with the Podfile.lock. Run 'pod install' or update your CocoaPods installation.\" >&2\n    exit 1\nfi\n";
			showEnvVarsInLog = 0;
		};
		08A0276EE8AF7CDCC6E754D3 /* [CP] Embed Pods Frameworks */ = {
			isa = PBXShellScriptBuildPhase;
			buildActionMask = 2147483647;
			files = (
			);
			inputPaths = (
			);
			name = "[CP] Embed Pods Frameworks";
			outputPaths = (
			);
			runOnlyForDeploymentPostprocessing = 0;
			shellPath = /bin/sh;
			shellScript = "\"${SRCROOT}/Pods/Target Support Files/Pods-twitter_alamofire_demoUITests/Pods-twitter_alamofire_demoUITests-frameworks.sh\"\n";
			showEnvVarsInLog = 0;
		};
		1AD42F8148E97BF87B55B826 /* [CP] Copy Pods Resources */ = {
			isa = PBXShellScriptBuildPhase;
			buildActionMask = 2147483647;
			files = (
			);
			inputPaths = (
			);
			name = "[CP] Copy Pods Resources";
			outputPaths = (
			);
			runOnlyForDeploymentPostprocessing = 0;
			shellPath = /bin/sh;
			shellScript = "\"${SRCROOT}/Pods/Target Support Files/Pods-twitter_alamofire_demo/Pods-twitter_alamofire_demo-resources.sh\"\n";
			showEnvVarsInLog = 0;
		};
		200D01AC1DC970353ABDC649 /* [CP] Embed Pods Frameworks */ = {
			isa = PBXShellScriptBuildPhase;
			buildActionMask = 2147483647;
			files = (
			);
			inputPaths = (
			);
			name = "[CP] Embed Pods Frameworks";
			outputPaths = (
			);
			runOnlyForDeploymentPostprocessing = 0;
			shellPath = /bin/sh;
			shellScript = "\"${SRCROOT}/Pods/Target Support Files/Pods-twitter_alamofire_demoTests/Pods-twitter_alamofire_demoTests-frameworks.sh\"\n";
			showEnvVarsInLog = 0;
		};
		442077332C405000BF9F081F /* [CP] Copy Pods Resources */ = {
			isa = PBXShellScriptBuildPhase;
			buildActionMask = 2147483647;
			files = (
			);
			inputPaths = (
			);
			name = "[CP] Copy Pods Resources";
			outputPaths = (
			);
			runOnlyForDeploymentPostprocessing = 0;
			shellPath = /bin/sh;
			shellScript = "\"${SRCROOT}/Pods/Target Support Files/Pods-twitter_alamofire_demoTests/Pods-twitter_alamofire_demoTests-resources.sh\"\n";
			showEnvVarsInLog = 0;
		};
		5C4A3CEE1918456EBE336A5E /* [CP] Check Pods Manifest.lock */ = {
			isa = PBXShellScriptBuildPhase;
			buildActionMask = 2147483647;
			files = (
			);
			inputPaths = (
			);
			name = "[CP] Check Pods Manifest.lock";
			outputPaths = (
			);
			runOnlyForDeploymentPostprocessing = 0;
			shellPath = /bin/sh;
			shellScript = "diff \"${PODS_ROOT}/../Podfile.lock\" \"${PODS_ROOT}/Manifest.lock\" > /dev/null\nif [ $? != 0 ] ; then\n    # print error to STDERR\n    echo \"error: The sandbox is not in sync with the Podfile.lock. Run 'pod install' or update your CocoaPods installation.\" >&2\n    exit 1\nfi\n";
			showEnvVarsInLog = 0;
		};
		7022D4CCEFBD1FE1F7645438 /* [CP] Check Pods Manifest.lock */ = {
			isa = PBXShellScriptBuildPhase;
			buildActionMask = 2147483647;
			files = (
			);
			inputPaths = (
			);
			name = "[CP] Check Pods Manifest.lock";
			outputPaths = (
			);
			runOnlyForDeploymentPostprocessing = 0;
			shellPath = /bin/sh;
			shellScript = "diff \"${PODS_ROOT}/../Podfile.lock\" \"${PODS_ROOT}/Manifest.lock\" > /dev/null\nif [ $? != 0 ] ; then\n    # print error to STDERR\n    echo \"error: The sandbox is not in sync with the Podfile.lock. Run 'pod install' or update your CocoaPods installation.\" >&2\n    exit 1\nfi\n";
			showEnvVarsInLog = 0;
		};
		EA162E987D837BDF5DC5369F /* [CP] Copy Pods Resources */ = {
			isa = PBXShellScriptBuildPhase;
			buildActionMask = 2147483647;
			files = (
			);
			inputPaths = (
			);
			name = "[CP] Copy Pods Resources";
			outputPaths = (
			);
			runOnlyForDeploymentPostprocessing = 0;
			shellPath = /bin/sh;
			shellScript = "\"${SRCROOT}/Pods/Target Support Files/Pods-twitter_alamofire_demoUITests/Pods-twitter_alamofire_demoUITests-resources.sh\"\n";
			showEnvVarsInLog = 0;
		};
		EFABDEB238D312BBD2FC49B8 /* [CP] Embed Pods Frameworks */ = {
			isa = PBXShellScriptBuildPhase;
			buildActionMask = 2147483647;
			files = (
			);
			inputPaths = (
			);
			name = "[CP] Embed Pods Frameworks";
			outputPaths = (
			);
			runOnlyForDeploymentPostprocessing = 0;
			shellPath = /bin/sh;
			shellScript = "\"${SRCROOT}/Pods/Target Support Files/Pods-twitter_alamofire_demo/Pods-twitter_alamofire_demo-frameworks.sh\"\n";
			showEnvVarsInLog = 0;
		};
/* End PBXShellScriptBuildPhase section */

/* Begin PBXSourcesBuildPhase section */
		ED1AFD291E942B2500FD4B90 /* Sources */ = {
			isa = PBXSourcesBuildPhase;
			buildActionMask = 2147483647;
			files = (
				ED1D23461EF63C1D00C51ACC /* User.swift in Sources */,
				ED1D234E1EF71C4B00C51ACC /* TweetCell.swift in Sources */,
				ED1D23481EF6E37700C51ACC /* Tweet.swift in Sources */,
				ED1AFD611E94496E00FD4B90 /* LoginViewController.swift in Sources */,
				ED1AFD5F1E94421000FD4B90 /* APIManager.swift in Sources */,
				ED1AFD311E942B2500FD4B90 /* AppDelegate.swift in Sources */,
				ED1D234C1EF6E42900C51ACC /* TimelineViewController.swift in Sources */,
			);
			runOnlyForDeploymentPostprocessing = 0;
		};
		ED1AFD3D1E942B2500FD4B90 /* Sources */ = {
			isa = PBXSourcesBuildPhase;
			buildActionMask = 2147483647;
			files = (
				ED1AFD461E942B2500FD4B90 /* twitter_alamofire_demoTests.swift in Sources */,
			);
			runOnlyForDeploymentPostprocessing = 0;
		};
		ED1AFD481E942B2500FD4B90 /* Sources */ = {
			isa = PBXSourcesBuildPhase;
			buildActionMask = 2147483647;
			files = (
				ED1AFD511E942B2500FD4B90 /* twitter_alamofire_demoUITests.swift in Sources */,
			);
			runOnlyForDeploymentPostprocessing = 0;
		};
/* End PBXSourcesBuildPhase section */

/* Begin PBXTargetDependency section */
		ED1AFD431E942B2500FD4B90 /* PBXTargetDependency */ = {
			isa = PBXTargetDependency;
			target = ED1AFD2C1E942B2500FD4B90 /* twitter_alamofire_demo */;
			targetProxy = ED1AFD421E942B2500FD4B90 /* PBXContainerItemProxy */;
		};
		ED1AFD4E1E942B2500FD4B90 /* PBXTargetDependency */ = {
			isa = PBXTargetDependency;
			target = ED1AFD2C1E942B2500FD4B90 /* twitter_alamofire_demo */;
			targetProxy = ED1AFD4D1E942B2500FD4B90 /* PBXContainerItemProxy */;
		};
/* End PBXTargetDependency section */

/* Begin PBXVariantGroup section */
		ED1AFD341E942B2500FD4B90 /* Main.storyboard */ = {
			isa = PBXVariantGroup;
			children = (
				ED1AFD351E942B2500FD4B90 /* Base */,
			);
			name = Main.storyboard;
			sourceTree = "<group>";
		};
		ED1AFD391E942B2500FD4B90 /* LaunchScreen.storyboard */ = {
			isa = PBXVariantGroup;
			children = (
				ED1AFD3A1E942B2500FD4B90 /* Base */,
			);
			name = LaunchScreen.storyboard;
			sourceTree = "<group>";
		};
/* End PBXVariantGroup section */

/* Begin XCBuildConfiguration section */
		ED1AFD531E942B2500FD4B90 /* Debug */ = {
			isa = XCBuildConfiguration;
			buildSettings = {
				ALWAYS_SEARCH_USER_PATHS = NO;
				CLANG_ANALYZER_NONNULL = YES;
				CLANG_ANALYZER_NUMBER_OBJECT_CONVERSION = YES_AGGRESSIVE;
				CLANG_CXX_LANGUAGE_STANDARD = "gnu++0x";
				CLANG_CXX_LIBRARY = "libc++";
				CLANG_ENABLE_MODULES = YES;
				CLANG_ENABLE_OBJC_ARC = YES;
				CLANG_WARN_BOOL_CONVERSION = YES;
				CLANG_WARN_CONSTANT_CONVERSION = YES;
				CLANG_WARN_DIRECT_OBJC_ISA_USAGE = YES_ERROR;
				CLANG_WARN_DOCUMENTATION_COMMENTS = YES;
				CLANG_WARN_EMPTY_BODY = YES;
				CLANG_WARN_ENUM_CONVERSION = YES;
				CLANG_WARN_INFINITE_RECURSION = YES;
				CLANG_WARN_INT_CONVERSION = YES;
				CLANG_WARN_OBJC_ROOT_CLASS = YES_ERROR;
				CLANG_WARN_SUSPICIOUS_MOVE = YES;
				CLANG_WARN_UNREACHABLE_CODE = YES;
				CLANG_WARN__DUPLICATE_METHOD_MATCH = YES;
				"CODE_SIGN_IDENTITY[sdk=iphoneos*]" = "iPhone Developer";
				COPY_PHASE_STRIP = NO;
				DEBUG_INFORMATION_FORMAT = dwarf;
				ENABLE_STRICT_OBJC_MSGSEND = YES;
				ENABLE_TESTABILITY = YES;
				GCC_C_LANGUAGE_STANDARD = gnu99;
				GCC_DYNAMIC_NO_PIC = NO;
				GCC_NO_COMMON_BLOCKS = YES;
				GCC_OPTIMIZATION_LEVEL = 0;
				GCC_PREPROCESSOR_DEFINITIONS = (
					"DEBUG=1",
					"$(inherited)",
				);
				GCC_WARN_64_TO_32_BIT_CONVERSION = YES;
				GCC_WARN_ABOUT_RETURN_TYPE = YES_ERROR;
				GCC_WARN_UNDECLARED_SELECTOR = YES;
				GCC_WARN_UNINITIALIZED_AUTOS = YES_AGGRESSIVE;
				GCC_WARN_UNUSED_FUNCTION = YES;
				GCC_WARN_UNUSED_VARIABLE = YES;
				IPHONEOS_DEPLOYMENT_TARGET = 10.3;
				MTL_ENABLE_DEBUG_INFO = YES;
				ONLY_ACTIVE_ARCH = YES;
				SDKROOT = iphoneos;
				SWIFT_ACTIVE_COMPILATION_CONDITIONS = DEBUG;
				SWIFT_OPTIMIZATION_LEVEL = "-Onone";
				TARGETED_DEVICE_FAMILY = "1,2";
			};
			name = Debug;
		};
		ED1AFD541E942B2500FD4B90 /* Release */ = {
			isa = XCBuildConfiguration;
			buildSettings = {
				ALWAYS_SEARCH_USER_PATHS = NO;
				CLANG_ANALYZER_NONNULL = YES;
				CLANG_ANALYZER_NUMBER_OBJECT_CONVERSION = YES_AGGRESSIVE;
				CLANG_CXX_LANGUAGE_STANDARD = "gnu++0x";
				CLANG_CXX_LIBRARY = "libc++";
				CLANG_ENABLE_MODULES = YES;
				CLANG_ENABLE_OBJC_ARC = YES;
				CLANG_WARN_BOOL_CONVERSION = YES;
				CLANG_WARN_CONSTANT_CONVERSION = YES;
				CLANG_WARN_DIRECT_OBJC_ISA_USAGE = YES_ERROR;
				CLANG_WARN_DOCUMENTATION_COMMENTS = YES;
				CLANG_WARN_EMPTY_BODY = YES;
				CLANG_WARN_ENUM_CONVERSION = YES;
				CLANG_WARN_INFINITE_RECURSION = YES;
				CLANG_WARN_INT_CONVERSION = YES;
				CLANG_WARN_OBJC_ROOT_CLASS = YES_ERROR;
				CLANG_WARN_SUSPICIOUS_MOVE = YES;
				CLANG_WARN_UNREACHABLE_CODE = YES;
				CLANG_WARN__DUPLICATE_METHOD_MATCH = YES;
				"CODE_SIGN_IDENTITY[sdk=iphoneos*]" = "iPhone Developer";
				COPY_PHASE_STRIP = NO;
				DEBUG_INFORMATION_FORMAT = "dwarf-with-dsym";
				ENABLE_NS_ASSERTIONS = NO;
				ENABLE_STRICT_OBJC_MSGSEND = YES;
				GCC_C_LANGUAGE_STANDARD = gnu99;
				GCC_NO_COMMON_BLOCKS = YES;
				GCC_WARN_64_TO_32_BIT_CONVERSION = YES;
				GCC_WARN_ABOUT_RETURN_TYPE = YES_ERROR;
				GCC_WARN_UNDECLARED_SELECTOR = YES;
				GCC_WARN_UNINITIALIZED_AUTOS = YES_AGGRESSIVE;
				GCC_WARN_UNUSED_FUNCTION = YES;
				GCC_WARN_UNUSED_VARIABLE = YES;
				IPHONEOS_DEPLOYMENT_TARGET = 10.3;
				MTL_ENABLE_DEBUG_INFO = NO;
				SDKROOT = iphoneos;
				SWIFT_OPTIMIZATION_LEVEL = "-Owholemodule";
				TARGETED_DEVICE_FAMILY = "1,2";
				VALIDATE_PRODUCT = YES;
			};
			name = Release;
		};
		ED1AFD561E942B2500FD4B90 /* Debug */ = {
			isa = XCBuildConfiguration;
			baseConfigurationReference = 434659329CA4ED45495F750D /* Pods-twitter_alamofire_demo.debug.xcconfig */;
			buildSettings = {
				ASSETCATALOG_COMPILER_APPICON_NAME = AppIcon;
				CODE_SIGN_ENTITLEMENTS = twitter_alamofire_demo/twitter_alamofire_demo.entitlements;
				DEVELOPMENT_TEAM = CBXAQN69JX;
				INFOPLIST_FILE = twitter_alamofire_demo/Info.plist;
				LD_RUNPATH_SEARCH_PATHS = "$(inherited) @executable_path/Frameworks";
				PRODUCT_BUNDLE_IDENTIFIER = "com.codepath.twitter-alamofire-demo";
				PRODUCT_NAME = "$(TARGET_NAME)";
				SWIFT_VERSION = 3.0;
			};
			name = Debug;
		};
		ED1AFD571E942B2500FD4B90 /* Release */ = {
			isa = XCBuildConfiguration;
			baseConfigurationReference = 55D629C137D93399CE6DE905 /* Pods-twitter_alamofire_demo.release.xcconfig */;
			buildSettings = {
				ASSETCATALOG_COMPILER_APPICON_NAME = AppIcon;
				CODE_SIGN_ENTITLEMENTS = twitter_alamofire_demo/twitter_alamofire_demo.entitlements;
				DEVELOPMENT_TEAM = CBXAQN69JX;
				INFOPLIST_FILE = twitter_alamofire_demo/Info.plist;
				LD_RUNPATH_SEARCH_PATHS = "$(inherited) @executable_path/Frameworks";
				PRODUCT_BUNDLE_IDENTIFIER = "com.codepath.twitter-alamofire-demo";
				PRODUCT_NAME = "$(TARGET_NAME)";
				SWIFT_VERSION = 3.0;
			};
			name = Release;
		};
		ED1AFD591E942B2500FD4B90 /* Debug */ = {
			isa = XCBuildConfiguration;
			baseConfigurationReference = 4DFA54CBFE40EC0C9E20906F /* Pods-twitter_alamofire_demoTests.debug.xcconfig */;
			buildSettings = {
				ALWAYS_EMBED_SWIFT_STANDARD_LIBRARIES = YES;
				BUNDLE_LOADER = "$(TEST_HOST)";
				DEVELOPMENT_TEAM = CBXAQN69JX;
				INFOPLIST_FILE = twitter_alamofire_demoTests/Info.plist;
				LD_RUNPATH_SEARCH_PATHS = "$(inherited) @executable_path/Frameworks @loader_path/Frameworks";
				PRODUCT_BUNDLE_IDENTIFIER = "com.codepath.twitter-alamofire-demoTests";
				PRODUCT_NAME = "$(TARGET_NAME)";
				SWIFT_VERSION = 3.0;
				TEST_HOST = "$(BUILT_PRODUCTS_DIR)/twitter_alamofire_demo.app/twitter_alamofire_demo";
			};
			name = Debug;
		};
		ED1AFD5A1E942B2500FD4B90 /* Release */ = {
			isa = XCBuildConfiguration;
			baseConfigurationReference = A0274E4BBA7E3A768A46223E /* Pods-twitter_alamofire_demoTests.release.xcconfig */;
			buildSettings = {
				ALWAYS_EMBED_SWIFT_STANDARD_LIBRARIES = YES;
				BUNDLE_LOADER = "$(TEST_HOST)";
				DEVELOPMENT_TEAM = CBXAQN69JX;
				INFOPLIST_FILE = twitter_alamofire_demoTests/Info.plist;
				LD_RUNPATH_SEARCH_PATHS = "$(inherited) @executable_path/Frameworks @loader_path/Frameworks";
				PRODUCT_BUNDLE_IDENTIFIER = "com.codepath.twitter-alamofire-demoTests";
				PRODUCT_NAME = "$(TARGET_NAME)";
				SWIFT_VERSION = 3.0;
				TEST_HOST = "$(BUILT_PRODUCTS_DIR)/twitter_alamofire_demo.app/twitter_alamofire_demo";
			};
			name = Release;
		};
		ED1AFD5C1E942B2500FD4B90 /* Debug */ = {
			isa = XCBuildConfiguration;
			baseConfigurationReference = AA8B2B7251F8A233C7185620 /* Pods-twitter_alamofire_demoUITests.debug.xcconfig */;
			buildSettings = {
				ALWAYS_EMBED_SWIFT_STANDARD_LIBRARIES = YES;
				DEVELOPMENT_TEAM = CBXAQN69JX;
				INFOPLIST_FILE = twitter_alamofire_demoUITests/Info.plist;
				LD_RUNPATH_SEARCH_PATHS = "$(inherited) @executable_path/Frameworks @loader_path/Frameworks";
				PRODUCT_BUNDLE_IDENTIFIER = "com.codepath.twitter-alamofire-demoUITests";
				PRODUCT_NAME = "$(TARGET_NAME)";
				SWIFT_VERSION = 3.0;
				TEST_TARGET_NAME = twitter_alamofire_demo;
			};
			name = Debug;
		};
		ED1AFD5D1E942B2500FD4B90 /* Release */ = {
			isa = XCBuildConfiguration;
			baseConfigurationReference = F5DCE3E00CF8A60FA5C32798 /* Pods-twitter_alamofire_demoUITests.release.xcconfig */;
			buildSettings = {
				ALWAYS_EMBED_SWIFT_STANDARD_LIBRARIES = YES;
				DEVELOPMENT_TEAM = CBXAQN69JX;
				INFOPLIST_FILE = twitter_alamofire_demoUITests/Info.plist;
				LD_RUNPATH_SEARCH_PATHS = "$(inherited) @executable_path/Frameworks @loader_path/Frameworks";
				PRODUCT_BUNDLE_IDENTIFIER = "com.codepath.twitter-alamofire-demoUITests";
				PRODUCT_NAME = "$(TARGET_NAME)";
				SWIFT_VERSION = 3.0;
				TEST_TARGET_NAME = twitter_alamofire_demo;
			};
			name = Release;
		};
/* End XCBuildConfiguration section */

/* Begin XCConfigurationList section */
		ED1AFD281E942B2500FD4B90 /* Build configuration list for PBXProject "twitter_alamofire_demo" */ = {
			isa = XCConfigurationList;
			buildConfigurations = (
				ED1AFD531E942B2500FD4B90 /* Debug */,
				ED1AFD541E942B2500FD4B90 /* Release */,
			);
			defaultConfigurationIsVisible = 0;
			defaultConfigurationName = Release;
		};
		ED1AFD551E942B2500FD4B90 /* Build configuration list for PBXNativeTarget "twitter_alamofire_demo" */ = {
			isa = XCConfigurationList;
			buildConfigurations = (
				ED1AFD561E942B2500FD4B90 /* Debug */,
				ED1AFD571E942B2500FD4B90 /* Release */,
			);
			defaultConfigurationIsVisible = 0;
			defaultConfigurationName = Release;
		};
		ED1AFD581E942B2500FD4B90 /* Build configuration list for PBXNativeTarget "twitter_alamofire_demoTests" */ = {
			isa = XCConfigurationList;
			buildConfigurations = (
				ED1AFD591E942B2500FD4B90 /* Debug */,
				ED1AFD5A1E942B2500FD4B90 /* Release */,
			);
			defaultConfigurationIsVisible = 0;
			defaultConfigurationName = Release;
		};
		ED1AFD5B1E942B2500FD4B90 /* Build configuration list for PBXNativeTarget "twitter_alamofire_demoUITests" */ = {
			isa = XCConfigurationList;
			buildConfigurations = (
				ED1AFD5C1E942B2500FD4B90 /* Debug */,
				ED1AFD5D1E942B2500FD4B90 /* Release */,
			);
			defaultConfigurationIsVisible = 0;
			defaultConfigurationName = Release;
		};
/* End XCConfigurationList section */
	};
	rootObject = ED1AFD251E942B2500FD4B90 /* Project object */;
}
